
Microsoft Visual Studio Solution File, Format Version 12.00
Project("{FAE04EC0-301F-11D3-BF4B-00C04F79EFBC}") = "EncryptDecryptProject", "EncryptDecryptProject\EncryptDecryptProject.csproj", "{7DE9DD2A-9128-45F5-8EAD-E0D6E6476E85}"
EndProject
Project("{FAE04EC0-301F-11D3-BF4B-00C04F79EFBC}") = "FileWriterProject", "FileWriterProject\FileWriterProject.csproj", "{85E7FE2F-6BB7-4177-86B9-A9CF1F0807B0}"
EndProject
Project("{FAE04EC0-301F-11D3-BF4B-00C04F79EFBC}") = "UiProject", "UiProject\UiProject.csproj", "{DD01D893-BECD-49A5-9B5C-04B58D4393ED}"
EndProject
Project("{FAE04EC0-301F-11D3-BF4B-00C04F79EFBC}") = "DataAccessProject", "DataAccessProject\DataAccessProject.csproj", "{98D697CD-B9E6-4685-A791-A8B9E50F0B22}"
EndProject
Project("{FAE04EC0-301F-11D3-BF4B-00C04F79EFBC}") = "ApplicationProject", "ApplicationProject\ApplicationProject.csproj", "{508D8117-2454-4EAA-93F1-F3081085945D}"
EndProject
Project("{2150E333-8FDC-42A3-9474-1A3956D46DE8}") = "UI", "UI", "{EEF43E28-AA66-429F-A1A5-8EF1731E44F8}"
EndProject
Project("{2150E333-8FDC-42A3-9474-1A3956D46DE8}") = "App", "App", "{93B592F0-0AC9-478C-BADF-D2C6E8E66C25}"
EndProject
Project("{2150E333-8FDC-42A3-9474-1A3956D46DE8}") = "DataAccess", "DataAccess", "{054EC9C4-69FC-4582-BE48-AE29FDCAB598}"
EndProject
Project("{FAE04EC0-301F-11D3-BF4B-00C04F79EFBC}") = "EntitiesProject", "EntitiesProject\EntitiesProject.csproj", "{894FCA2A-2F40-4239-8505-AFC2E87C67E3}"
EndProject
Global
	GlobalSection(SolutionConfigurationPlatforms) = preSolution
		Debug|Any CPU = Debug|Any CPU
		Release|Any CPU = Release|Any CPU
	EndGlobalSection
	GlobalSection(ProjectConfigurationPlatforms) = postSolution
		{7DE9DD2A-9128-45F5-8EAD-E0D6E6476E85}.Debug|Any CPU.ActiveCfg = Debug|Any CPU
		{7DE9DD2A-9128-45F5-8EAD-E0D6E6476E85}.Debug|Any CPU.Build.0 = Debug|Any CPU
		{7DE9DD2A-9128-45F5-8EAD-E0D6E6476E85}.Release|Any CPU.ActiveCfg = Release|Any CPU
		{7DE9DD2A-9128-45F5-8EAD-E0D6E6476E85}.Release|Any CPU.Build.0 = Release|Any CPU
		{85E7FE2F-6BB7-4177-86B9-A9CF1F0807B0}.Debug|Any CPU.ActiveCfg = Debug|Any CPU
		{85E7FE2F-6BB7-4177-86B9-A9CF1F0807B0}.Debug|Any CPU.Build.0 = Debug|Any CPU
		{85E7FE2F-6BB7-4177-86B9-A9CF1F0807B0}.Release|Any CPU.ActiveCfg = Release|Any CPU
		{85E7FE2F-6BB7-4177-86B9-A9CF1F0807B0}.Release|Any CPU.Build.0 = Release|Any CPU
		{DD01D893-BECD-49A5-9B5C-04B58D4393ED}.Debug|Any CPU.ActiveCfg = Debug|Any CPU
		{DD01D893-BECD-49A5-9B5C-04B58D4393ED}.Debug|Any CPU.Build.0 = Debug|Any CPU
		{DD01D893-BECD-49A5-9B5C-04B58D4393ED}.Release|Any CPU.ActiveCfg = Release|Any CPU
		{DD01D893-BECD-49A5-9B5C-04B58D4393ED}.Release|Any CPU.Build.0 = Release|Any CPU
		{98D697CD-B9E6-4685-A791-A8B9E50F0B22}.Debug|Any CPU.ActiveCfg = Debug|Any CPU
		{98D697CD-B9E6-4685-A791-A8B9E50F0B22}.Debug|Any CPU.Build.0 = Debug|Any CPU
		{98D697CD-B9E6-4685-A791-A8B9E50F0B22}.Release|Any CPU.ActiveCfg = Release|Any CPU
		{98D697CD-B9E6-4685-A791-A8B9E50F0B22}.Release|Any CPU.Build.0 = Release|Any CPU
		{508D8117-2454-4EAA-93F1-F3081085945D}.Debug|Any CPU.ActiveCfg = Debug|Any CPU
		{508D8117-2454-4EAA-93F1-F3081085945D}.Debug|Any CPU.Build.0 = Debug|Any CPU
		{508D8117-2454-4EAA-93F1-F3081085945D}.Release|Any CPU.ActiveCfg = Release|Any CPU
		{508D8117-2454-4EAA-93F1-F3081085945D}.Release|Any CPU.Build.0 = Release|Any CPU
		{894FCA2A-2F40-4239-8505-AFC2E87C67E3}.Debug|Any CPU.ActiveCfg = Debug|Any CPU
		{894FCA2A-2F40-4239-8505-AFC2E87C67E3}.Debug|Any CPU.Build.0 = Debug|Any CPU
		{894FCA2A-2F40-4239-8505-AFC2E87C67E3}.Release|Any CPU.ActiveCfg = Release|Any CPU
		{894FCA2A-2F40-4239-8505-AFC2E87C67E3}.Release|Any CPU.Build.0 = Release|Any CPU
	EndGlobalSection
	GlobalSection(NestedProjects) = preSolution
		{DD01D893-BECD-49A5-9B5C-04B58D4393ED} = {EEF43E28-AA66-429F-A1A5-8EF1731E44F8}
		{508D8117-2454-4EAA-93F1-F3081085945D} = {93B592F0-0AC9-478C-BADF-D2C6E8E66C25}
		{7DE9DD2A-9128-45F5-8EAD-E0D6E6476E85} = {93B592F0-0AC9-478C-BADF-D2C6E8E66C25}
		{85E7FE2F-6BB7-4177-86B9-A9CF1F0807B0} = {93B592F0-0AC9-478C-BADF-D2C6E8E66C25}
		{98D697CD-B9E6-4685-A791-A8B9E50F0B22} = {054EC9C4-69FC-4582-BE48-AE29FDCAB598}
		{894FCA2A-2F40-4239-8505-AFC2E87C67E3} = {054EC9C4-69FC-4582-BE48-AE29FDCAB598}
	EndGlobalSection
EndGlobal
